// !$*UTF8*$!
{
	archiveVersion = 1;
	classes = {
	};
	objectVersion = 56;
	objects = {

/* Begin PBXBuildFile section */
		01C500A42BD6DD6800AE789D /* NutriTrackApp.swift in Sources */ = {isa = PBXBuildFile; fileRef = 01C500A32BD6DD6800AE789D /* NutriTrackApp.swift */; };
		01C500A62BD6DD6800AE789D /* ContentView.swift in Sources */ = {isa = PBXBuildFile; fileRef = 01C500A52BD6DD6800AE789D /* ContentView.swift */; };
		01C500A82BD6DD6900AE789D /* Assets.xcassets in Resources */ = {isa = PBXBuildFile; fileRef = 01C500A72BD6DD6900AE789D /* Assets.xcassets */; };
		01C500AB2BD6DD6900AE789D /* Preview Assets.xcassets in Resources */ = {isa = PBXBuildFile; fileRef = 01C500AA2BD6DD6900AE789D /* Preview Assets.xcassets */; };
		01C500B22BD6DDA700AE789D /* HomeView.swift in Sources */ = {isa = PBXBuildFile; fileRef = 01C500B12BD6DDA700AE789D /* HomeView.swift */; };
		01C500B42BD6DE3000AE789D /* WorkoutListView.swift in Sources */ = {isa = PBXBuildFile; fileRef = 01C500B32BD6DE3000AE789D /* WorkoutListView.swift */; };
		01C500B62BD6DE7600AE789D /* WorkoutCardView.swift in Sources */ = {isa = PBXBuildFile; fileRef = 01C500B52BD6DE7600AE789D /* WorkoutCardView.swift */; };
		01C500B92BDB1EAB00AE789D /* LoginView.swift in Sources */ = {isa = PBXBuildFile; fileRef = 01C500B82BDB1EAB00AE789D /* LoginView.swift */; };
		01C500BB2BDB2DEC00AE789D /* SignupView.swift in Sources */ = {isa = PBXBuildFile; fileRef = 01C500BA2BDB2DEC00AE789D /* SignupView.swift */; };
/* End PBXBuildFile section */

/* Begin PBXFileReference section */
		01C500A02BD6DD6800AE789D /* NutriTrack.app */ = {isa = PBXFileReference; explicitFileType = wrapper.application; includeInIndex = 0; path = NutriTrack.app; sourceTree = BUILT_PRODUCTS_DIR; };
		01C500A32BD6DD6800AE789D /* NutriTrackApp.swift */ = {isa = PBXFileReference; lastKnownFileType = sourcecode.swift; path = NutriTrackApp.swift; sourceTree = "<group>"; };
		01C500A52BD6DD6800AE789D /* ContentView.swift */ = {isa = PBXFileReference; lastKnownFileType = sourcecode.swift; path = ContentView.swift; sourceTree = "<group>"; };
		01C500A72BD6DD6900AE789D /* Assets.xcassets */ = {isa = PBXFileReference; lastKnownFileType = folder.assetcatalog; path = Assets.xcassets; sourceTree = "<group>"; };
		01C500AA2BD6DD6900AE789D /* Preview Assets.xcassets */ = {isa = PBXFileReference; lastKnownFileType = folder.assetcatalog; path = "Preview Assets.xcassets"; sourceTree = "<group>"; };
		01C500B12BD6DDA700AE789D /* HomeView.swift */ = {isa = PBXFileReference; lastKnownFileType = sourcecode.swift; path = HomeView.swift; sourceTree = "<group>"; };
		01C500B32BD6DE3000AE789D /* WorkoutListView.swift */ = {isa = PBXFileReference; lastKnownFileType = sourcecode.swift; path = WorkoutListView.swift; sourceTree = "<group>"; };
		01C500B52BD6DE7600AE789D /* WorkoutCardView.swift */ = {isa = PBXFileReference; lastKnownFileType = sourcecode.swift; path = WorkoutCardView.swift; sourceTree = "<group>"; };
		01C500B82BDB1EAB00AE789D /* LoginView.swift */ = {isa = PBXFileReference; lastKnownFileType = sourcecode.swift; path = LoginView.swift; sourceTree = "<group>"; };
		01C500BA2BDB2DEC00AE789D /* SignupView.swift */ = {isa = PBXFileReference; lastKnownFileType = sourcecode.swift; path = SignupView.swift; sourceTree = "<group>"; };
/* End PBXFileReference section */

/* Begin PBXFrameworksBuildPhase section */
		01C5009D2BD6DD6800AE789D /* Frameworks */ = {
			isa = PBXFrameworksBuildPhase;
			buildActionMask = 2147483647;
			files = (
			);
			runOnlyForDeploymentPostprocessing = 0;
		};
/* End PBXFrameworksBuildPhase section */

/* Begin PBXGroup section */
		01C500972BD6DD6800AE789D = {
			isa = PBXGroup;
			children = (
				01C500A22BD6DD6800AE789D /* NutriTrack */,
				01C500A12BD6DD6800AE789D /* Products */,
			);
			sourceTree = "<group>";
		};
		01C500A12BD6DD6800AE789D /* Products */ = {
			isa = PBXGroup;
			children = (
				01C500A02BD6DD6800AE789D /* NutriTrack.app */,
			);
			name = Products;
			sourceTree = "<group>";
		};
		01C500A22BD6DD6800AE789D /* NutriTrack */ = {
			isa = PBXGroup;
			children = (
				01C500A32BD6DD6800AE789D /* NutriTrackApp.swift */,
				01C500B72BDB1E9B00AE789D /* Authentication */,
				01C500A52BD6DD6800AE789D /* ContentView.swift */,
				01C500B12BD6DDA700AE789D /* HomeView.swift */,
				01C500B32BD6DE3000AE789D /* WorkoutListView.swift */,
				01C500B52BD6DE7600AE789D /* WorkoutCardView.swift */,
				01C500A72BD6DD6900AE789D /* Assets.xcassets */,
				01C500A92BD6DD6900AE789D /* Preview Content */,
			);
			path = NutriTrack;
			sourceTree = "<group>";
		};
		01C500A92BD6DD6900AE789D /* Preview Content */ = {
			isa = PBXGroup;
			children = (
				01C500AA2BD6DD6900AE789D /* Preview Assets.xcassets */,
			);
			path = "Preview Content";
			sourceTree = "<group>";
		};
		01C500B72BDB1E9B00AE789D /* Authentication */ = {
			isa = PBXGroup;
			children = (
				01C500B82BDB1EAB00AE789D /* LoginView.swift */,
				01C500BA2BDB2DEC00AE789D /* SignupView.swift */,
			);
			path = Authentication;
			sourceTree = "<group>";
		};
/* End PBXGroup section */

/* Begin PBXNativeTarget section */
		01C5009F2BD6DD6800AE789D /* NutriTrack */ = {
			isa = PBXNativeTarget;
			buildConfigurationList = 01C500AE2BD6DD6900AE789D /* Build configuration list for PBXNativeTarget "NutriTrack" */;
			buildPhases = (
				01C5009C2BD6DD6800AE789D /* Sources */,
				01C5009D2BD6DD6800AE789D /* Frameworks */,
				01C5009E2BD6DD6800AE789D /* Resources */,
			);
			buildRules = (
			);
			dependencies = (
			);
			name = NutriTrack;
			productName = NutriTrack;
			productReference = 01C500A02BD6DD6800AE789D /* NutriTrack.app */;
			productType = "com.apple.product-type.application";
		};
/* End PBXNativeTarget section */

/* Begin PBXProject section */
		01C500982BD6DD6800AE789D /* Project object */ = {
			isa = PBXProject;
			attributes = {
				BuildIndependentTargetsInParallel = 1;
				LastSwiftUpdateCheck = 1530;
				LastUpgradeCheck = 1530;
				TargetAttributes = {
					01C5009F2BD6DD6800AE789D = {
						CreatedOnToolsVersion = 15.3;
					};
				};
			};
			buildConfigurationList = 01C5009B2BD6DD6800AE789D /* Build configuration list for PBXProject "NutriTrack" */;
			compatibilityVersion = "Xcode 14.0";
			developmentRegion = en;
			hasScannedForEncodings = 0;
			knownRegions = (
				en,
				Base,
			);
			mainGroup = 01C500972BD6DD6800AE789D;
			productRefGroup = 01C500A12BD6DD6800AE789D /* Products */;
			projectDirPath = "";
			projectRoot = "";
			targets = (
				01C5009F2BD6DD6800AE789D /* NutriTrack */,
			);
		};
/* End PBXProject section */

/* Begin PBXResourcesBuildPhase section */
		01C5009E2BD6DD6800AE789D /* Resources */ = {
			isa = PBXResourcesBuildPhase;
			buildActionMask = 2147483647;
			files = (
				01C500AB2BD6DD6900AE789D /* Preview Assets.xcassets in Resources */,
				01C500A82BD6DD6900AE789D /* Assets.xcassets in Resources */,
			);
			runOnlyForDeploymentPostprocessing = 0;
		};
/* End PBXResourcesBuildPhase section */

/* Begin PBXSourcesBuildPhase section */
		01C5009C2BD6DD6800AE789D /* Sources */ = {
			isa = PBXSourcesBuildPhase;
			buildActionMask = 2147483647;
			files = (
				01C500BB2BDB2DEC00AE789D /* SignupView.swift in Sources */,
				01C500B92BDB1EAB00AE789D /* LoginView.swift in Sources */,
				01C500B22BD6DDA700AE789D /* HomeView.swift in Sources */,
				01C500A62BD6DD6800AE789D /* ContentView.swift in Sources */,
				01C500B62BD6DE7600AE789D /* WorkoutCardView.swift in Sources */,
				01C500B42BD6DE3000AE789D /* WorkoutListView.swift in Sources */,
				01C500A42BD6DD6800AE789D /* NutriTrackApp.swift in Sources */,
			);
			runOnlyForDeploymentPostprocessing = 0;
		};
/* End PBXSourcesBuildPhase section */

/* Begin XCBuildConfiguration section */
		01C500AC2BD6DD6900AE789D /* Debug */ = {
			isa = XCBuildConfiguration;
			buildSettings = {
				ALWAYS_SEARCH_USER_PATHS = NO;
				ASSETCATALOG_COMPILER_GENERATE_SWIFT_ASSET_SYMBOL_EXTENSIONS = YES;
				CLANG_ANALYZER_NONNULL = YES;
				CLANG_ANALYZER_NUMBER_OBJECT_CONVERSION = YES_AGGRESSIVE;
				CLANG_CXX_LANGUAGE_STANDARD = "gnu++20";
				CLANG_ENABLE_MODULES = YES;
				CLANG_ENABLE_OBJC_ARC = YES;
				CLANG_ENABLE_OBJC_WEAK = YES;
				CLANG_WARN_BLOCK_CAPTURE_AUTORELEASING = YES;
				CLANG_WARN_BOOL_CONVERSION = YES;
				CLANG_WARN_COMMA = YES;
				CLANG_WARN_CONSTANT_CONVERSION = YES;
				CLANG_WARN_DEPRECATED_OBJC_IMPLEMENTATIONS = YES;
				CLANG_WARN_DIRECT_OBJC_ISA_USAGE = YES_ERROR;
				CLANG_WARN_DOCUMENTATION_COMMENTS = YES;
				CLANG_WARN_EMPTY_BODY = YES;
				CLANG_WARN_ENUM_CONVERSION = YES;
				CLANG_WARN_INFINITE_RECURSION = YES;
				CLANG_WARN_INT_CONVERSION = YES;
				CLANG_WARN_NON_LITERAL_NULL_CONVERSION = YES;
				CLANG_WARN_OBJC_IMPLICIT_RETAIN_SELF = YES;
				CLANG_WARN_OBJC_LITERAL_CONVERSION = YES;
				CLANG_WARN_OBJC_ROOT_CLASS = YES_ERROR;
				CLANG_WARN_QUOTED_INCLUDE_IN_FRAMEWORK_HEADER = YES;
				CLANG_WARN_RANGE_LOOP_ANALYSIS = YES;
				CLANG_WARN_STRICT_PROTOTYPES = YES;
				CLANG_WARN_SUSPICIOUS_MOVE = YES;
				CLANG_WARN_UNGUARDED_AVAILABILITY = YES_AGGRESSIVE;
				CLANG_WARN_UNREACHABLE_CODE = YES;
				CLANG_WARN__DUPLICATE_METHOD_MATCH = YES;
				COPY_PHASE_STRIP = NO;
				DEBUG_INFORMATION_FORMAT = dwarf;
				ENABLE_STRICT_OBJC_MSGSEND = YES;
				ENABLE_TESTABILITY = YES;
				ENABLE_USER_SCRIPT_SANDBOXING = YES;
				GCC_C_LANGUAGE_STANDARD = gnu17;
				GCC_DYNAMIC_NO_PIC = NO;
				GCC_NO_COMMON_BLOCKS = YES;
				GCC_OPTIMIZATION_LEVEL = 0;
				GCC_PREPROCESSOR_DEFINITIONS = (
					"DEBUG=1",
					"$(inherited)",
				);
				GCC_WARN_64_TO_32_BIT_CONVERSION = YES;
				GCC_WARN_ABOUT_RETURN_TYPE = YES_ERROR;
				GCC_WARN_UNDECLARED_SELECTOR = YES;
				GCC_WARN_UNINITIALIZED_AUTOS = YES_AGGRESSIVE;
				GCC_WARN_UNUSED_FUNCTION = YES;
				GCC_WARN_UNUSED_VARIABLE = YES;
				IPHONEOS_DEPLOYMENT_TARGET = 17.4;
				LOCALIZATION_PREFERS_STRING_CATALOGS = YES;
				MTL_ENABLE_DEBUG_INFO = INCLUDE_SOURCE;
				MTL_FAST_MATH = YES;
				ONLY_ACTIVE_ARCH = YES;
				SDKROOT = iphoneos;
				SWIFT_ACTIVE_COMPILATION_CONDITIONS = "DEBUG $(inherited)";
				SWIFT_OPTIMIZATION_LEVEL = "-Onone";
			};
			name = Debug;
		};
		01C500AD2BD6DD6900AE789D /* Release */ = {
			isa = XCBuildConfiguration;
			buildSettings = {
				ALWAYS_SEARCH_USER_PATHS = NO;
				ASSETCATALOG_COMPILER_GENERATE_SWIFT_ASSET_SYMBOL_EXTENSIONS = YES;
				CLANG_ANALYZER_NONNULL = YES;
				CLANG_ANALYZER_NUMBER_OBJECT_CONVERSION = YES_AGGRESSIVE;
				CLANG_CXX_LANGUAGE_STANDARD = "gnu++20";
				CLANG_ENABLE_MODULES = YES;
				CLANG_ENABLE_OBJC_ARC = YES;
				CLANG_ENABLE_OBJC_WEAK = YES;
				CLANG_WARN_BLOCK_CAPTURE_AUTORELEASING = YES;
				CLANG_WARN_BOOL_CONVERSION = YES;
				CLANG_WARN_COMMA = YES;
				CLANG_WARN_CONSTANT_CONVERSION = YES;
				CLANG_WARN_DEPRECATED_OBJC_IMPLEMENTATIONS = YES;
				CLANG_WARN_DIRECT_OBJC_ISA_USAGE = YES_ERROR;
				CLANG_WARN_DOCUMENTATION_COMMENTS = YES;
				CLANG_WARN_EMPTY_BODY = YES;
				CLANG_WARN_ENUM_CONVERSION = YES;
				CLANG_WARN_INFINITE_RECURSION = YES;
				CLANG_WARN_INT_CONVERSION = YES;
				CLANG_WARN_NON_LITERAL_NULL_CONVERSION = YES;
				CLANG_WARN_OBJC_IMPLICIT_RETAIN_SELF = YES;
				CLANG_WARN_OBJC_LITERAL_CONVERSION = YES;
				CLANG_WARN_OBJC_ROOT_CLASS = YES_ERROR;
				CLANG_WARN_QUOTED_INCLUDE_IN_FRAMEWORK_HEADER = YES;
				CLANG_WARN_RANGE_LOOP_ANALYSIS = YES;
				CLANG_WARN_STRICT_PROTOTYPES = YES;
				CLANG_WARN_SUSPICIOUS_MOVE = YES;
				CLANG_WARN_UNGUARDED_AVAILABILITY = YES_AGGRESSIVE;
				CLANG_WARN_UNREACHABLE_CODE = YES;
				CLANG_WARN__DUPLICATE_METHOD_MATCH = YES;
				COPY_PHASE_STRIP = NO;
				DEBUG_INFORMATION_FORMAT = "dwarf-with-dsym";
				ENABLE_NS_ASSERTIONS = NO;
				ENABLE_STRICT_OBJC_MSGSEND = YES;
				ENABLE_USER_SCRIPT_SANDBOXING = YES;
				GCC_C_LANGUAGE_STANDARD = gnu17;
				GCC_NO_COMMON_BLOCKS = YES;
				GCC_WARN_64_TO_32_BIT_CONVERSION = YES;
				GCC_WARN_ABOUT_RETURN_TYPE = YES_ERROR;
				GCC_WARN_UNDECLARED_SELECTOR = YES;
				GCC_WARN_UNINITIALIZED_AUTOS = YES_AGGRESSIVE;
				GCC_WARN_UNUSED_FUNCTION = YES;
				GCC_WARN_UNUSED_VARIABLE = YES;
				IPHONEOS_DEPLOYMENT_TARGET = 17.4;
				LOCALIZATION_PREFERS_STRING_CATALOGS = YES;
				MTL_ENABLE_DEBUG_INFO = NO;
				MTL_FAST_MATH = YES;
				SDKROOT = iphoneos;
				SWIFT_COMPILATION_MODE = wholemodule;
				VALIDATE_PRODUCT = YES;
			};
			name = Release;
		};
		01C500AF2BD6DD6900AE789D /* Debug */ = {
			isa = XCBuildConfiguration;
			buildSettings = {
				ASSETCATALOG_COMPILER_APPICON_NAME = AppIcon;
				ASSETCATALOG_COMPILER_GLOBAL_ACCENT_COLOR_NAME = AccentColor;
				CODE_SIGN_STYLE = Automatic;
				CURRENT_PROJECT_VERSION = 1;
				DEVELOPMENT_ASSET_PATHS = "\"NutriTrack/Preview Content\"";
				DEVELOPMENT_TEAM = 4K6582MCPD;
				ENABLE_PREVIEWS = YES;
				GENERATE_INFOPLIST_FILE = YES;
				INFOPLIST_KEY_UIApplicationSceneManifest_Generation = YES;
				INFOPLIST_KEY_UIApplicationSupportsIndirectInputEvents = YES;
				INFOPLIST_KEY_UILaunchScreen_Generation = YES;
				INFOPLIST_KEY_UISupportedInterfaceOrientations_iPad = "UIInterfaceOrientationPortrait UIInterfaceOrientationPortraitUpsideDown UIInterfaceOrientationLandscapeLeft UIInterfaceOrientationLandscapeRight";
				INFOPLIST_KEY_UISupportedInterfaceOrientations_iPhone = "UIInterfaceOrientationPortrait UIInterfaceOrientationLandscapeLeft UIInterfaceOrientationLandscapeRight";
				IPHONEOS_DEPLOYMENT_TARGET = 15.0;
				LD_RUNPATH_SEARCH_PATHS = (
					"$(inherited)",
					"@executable_path/Frameworks",
				);
				MARKETING_VERSION = 1.0;
				PRODUCT_BUNDLE_IDENTIFIER = Khai.NutriTrack;
				PRODUCT_NAME = "$(TARGET_NAME)";
				SWIFT_EMIT_LOC_STRINGS = YES;
				SWIFT_VERSION = 5.0;
				TARGETED_DEVICE_FAMILY = "1,2";
			};
			name = Debug;
		};
		01C500B02BD6DD6900AE789D /* Release */ = {
			isa = XCBuildConfiguration;
			buildSettings = {
				ASSETCATALOG_COMPILER_APPICON_NAME = AppIcon;
				ASSETCATALOG_COMPILER_GLOBAL_ACCENT_COLOR_NAME = AccentColor;
				CODE_SIGN_STYLE = Automatic;
				CURRENT_PROJECT_VERSION = 1;
				DEVELOPMENT_ASSET_PATHS = "\"NutriTrack/Preview Content\"";
				DEVELOPMENT_TEAM = 4K6582MCPD;
				ENABLE_PREVIEWS = YES;
				GENERATE_INFOPLIST_FILE = YES;
				INFOPLIST_KEY_UIApplicationSceneManifest_Generation = YES;
				INFOPLIST_KEY_UIApplicationSupportsIndirectInputEvents = YES;
				INFOPLIST_KEY_UILaunchScreen_Generation = YES;
				INFOPLIST_KEY_UISupportedInterfaceOrientations_iPad = "UIInterfaceOrientationPortrait UIInterfaceOrientationPortraitUpsideDown UIInterfaceOrientationLandscapeLeft UIInterfaceOrientationLandscapeRight";
				INFOPLIST_KEY_UISupportedInterfaceOrientations_iPhone = "UIInterfaceOrientationPortrait UIInterfaceOrientationLandscapeLeft UIInterfaceOrientationLandscapeRight";
				IPHONEOS_DEPLOYMENT_TARGET = 15.0;
				LD_RUNPATH_SEARCH_PATHS = (
					"$(inherited)",
					"@executable_path/Frameworks",
				);
				MARKETING_VERSION = 1.0;
				PRODUCT_BUNDLE_IDENTIFIER = Khai.NutriTrack;
				PRODUCT_NAME = "$(TARGET_NAME)";
				SWIFT_EMIT_LOC_STRINGS = YES;
				SWIFT_VERSION = 5.0;
				TARGETED_DEVICE_FAMILY = "1,2";
			};
			name = Release;
		};
/* End XCBuildConfiguration section */

/* Begin XCConfigurationList section */
		01C5009B2BD6DD6800AE789D /* Build configuration list for PBXProject "NutriTrack" */ = {
			isa = XCConfigurationList;
			buildConfigurations = (
				01C500AC2BD6DD6900AE789D /* Debug */,
				01C500AD2BD6DD6900AE789D /* Release */,
			);
			defaultConfigurationIsVisible = 0;
			defaultConfigurationName = Release;
		};
		01C500AE2BD6DD6900AE789D /* Build configuration list for PBXNativeTarget "NutriTrack" */ = {
			isa = XCConfigurationList;
			buildConfigurations = (
				01C500AF2BD6DD6900AE789D /* Debug */,
				01C500B02BD6DD6900AE789D /* Release */,
			);
			defaultConfigurationIsVisible = 0;
			defaultConfigurationName = Release;
		};
/* End XCConfigurationList section */
	};
	rootObject = 01C500982BD6DD6800AE789D /* Project object */;
}
